
Microsoft Visual Studio Solution File, Format Version 12.00
# Visual Studio Version 16
VisualStudioVersion = 16.0.31321.278
MinimumVisualStudioVersion = 10.0.40219.1
Project("{9A19103F-16F7-4668-BE54-9A1E7A4F7556}") = "PCAccessories", "PCAccessories\PCAccessories.csproj", "{E5CAF3F7-FDFF-4287-B2CC-F3067827CD7E}"
EndProject
Global
	GlobalSection(SolutionConfigurationPlatforms) = preSolution
		Debug|Any CPU = Debug|Any CPU
		Release|Any CPU = Release|Any CPU
	EndGlobalSection
	GlobalSection(ProjectConfigurationPlatforms) = postSolution
		{E5CAF3F7-FDFF-4287-B2CC-F3067827CD7E}.Debug|Any CPU.ActiveCfg = Debug|Any CPU
		{E5CAF3F7-FDFF-4287-B2CC-F3067827CD7E}.Debug|Any CPU.Build.0 = Debug|Any CPU
		{E5CAF3F7-FDFF-4287-B2CC-F3067827CD7E}.Release|Any CPU.ActiveCfg = Release|Any CPU
		{E5CAF3F7-FDFF-4287-B2CC-F3067827CD7E}.Release|Any CPU.Build.0 = Release|Any CPU
	EndGlobalSection
	GlobalSection(SolutionProperties) = preSolution
		HideSolutionNode = FALSE
	EndGlobalSection
	GlobalSection(ExtensibilityGlobals) = postSolution
		SolutionGuid = {9C28AB83-9AB5-4B54-A967-6E1AB4FD53F2}
	EndGlobalSection
EndGlobal
