
Microsoft Visual Studio Solution File, Format Version 12.00
# Visual Studio Version 16
VisualStudioVersion = 16.0.31321.278
MinimumVisualStudioVersion = 10.0.40219.1
Project("{9A19103F-16F7-4668-BE54-9A1E7A4F7556}") = "PCAccessories.Web", "PCAccessories.Web\PCAccessories.Web.csproj", "{9B91861E-3D24-4C98-8B7D-BE11B4096CDA}"
EndProject
Project("{9A19103F-16F7-4668-BE54-9A1E7A4F7556}") = "PCAccessories.Core", "PCAccessories.Core\PCAccessories.Core.csproj", "{FD2FC08B-C6EE-4125-9410-50E96565F6E1}"
EndProject
Project("{9A19103F-16F7-4668-BE54-9A1E7A4F7556}") = "PCAccessories.Web.Api", "PCAccessories.Web.Api\PCAccessories.Web.Api.csproj", "{5011689D-7EF2-40D7-9C55-C2E61B3FEE11}"
EndProject
Project("{FAE04EC0-301F-11D3-BF4B-00C04F79EFBC}") = "PCAccessories.Infrastructure", "PCAccessories.Infrastructure\PCAccessories.Infrastructure.csproj", "{C7E02674-8994-4114-97FF-F241C681BAC1}"
EndProject
Project("{FAE04EC0-301F-11D3-BF4B-00C04F79EFBC}") = "PCAccessories.Application", "PCAccessories.Application\PCAccessories.Application.csproj", "{86EC4FC7-66E5-4CD3-A2B6-3C16C4A162E0}"
EndProject
Project("{FAE04EC0-301F-11D3-BF4B-00C04F79EFBC}") = "PCAccessories.Helpers", "PCAccessories.Helpers\PCAccessories.Helpers.csproj", "{77EE7B59-2B75-4904-8556-904244D3FE98}"
EndProject
Global
	GlobalSection(SolutionConfigurationPlatforms) = preSolution
		Debug|Any CPU = Debug|Any CPU
		Release|Any CPU = Release|Any CPU
	EndGlobalSection
	GlobalSection(ProjectConfigurationPlatforms) = postSolution
		{9B91861E-3D24-4C98-8B7D-BE11B4096CDA}.Debug|Any CPU.ActiveCfg = Debug|Any CPU
		{9B91861E-3D24-4C98-8B7D-BE11B4096CDA}.Debug|Any CPU.Build.0 = Debug|Any CPU
		{9B91861E-3D24-4C98-8B7D-BE11B4096CDA}.Release|Any CPU.ActiveCfg = Release|Any CPU
		{9B91861E-3D24-4C98-8B7D-BE11B4096CDA}.Release|Any CPU.Build.0 = Release|Any CPU
		{FD2FC08B-C6EE-4125-9410-50E96565F6E1}.Debug|Any CPU.ActiveCfg = Debug|Any CPU
		{FD2FC08B-C6EE-4125-9410-50E96565F6E1}.Debug|Any CPU.Build.0 = Debug|Any CPU
		{FD2FC08B-C6EE-4125-9410-50E96565F6E1}.Release|Any CPU.ActiveCfg = Release|Any CPU
		{FD2FC08B-C6EE-4125-9410-50E96565F6E1}.Release|Any CPU.Build.0 = Release|Any CPU
		{5011689D-7EF2-40D7-9C55-C2E61B3FEE11}.Debug|Any CPU.ActiveCfg = Debug|Any CPU
		{5011689D-7EF2-40D7-9C55-C2E61B3FEE11}.Debug|Any CPU.Build.0 = Debug|Any CPU
		{5011689D-7EF2-40D7-9C55-C2E61B3FEE11}.Release|Any CPU.ActiveCfg = Release|Any CPU
		{5011689D-7EF2-40D7-9C55-C2E61B3FEE11}.Release|Any CPU.Build.0 = Release|Any CPU
		{C7E02674-8994-4114-97FF-F241C681BAC1}.Debug|Any CPU.ActiveCfg = Debug|Any CPU
		{C7E02674-8994-4114-97FF-F241C681BAC1}.Debug|Any CPU.Build.0 = Debug|Any CPU
		{C7E02674-8994-4114-97FF-F241C681BAC1}.Release|Any CPU.ActiveCfg = Release|Any CPU
		{C7E02674-8994-4114-97FF-F241C681BAC1}.Release|Any CPU.Build.0 = Release|Any CPU
		{86EC4FC7-66E5-4CD3-A2B6-3C16C4A162E0}.Debug|Any CPU.ActiveCfg = Debug|Any CPU
		{86EC4FC7-66E5-4CD3-A2B6-3C16C4A162E0}.Debug|Any CPU.Build.0 = Debug|Any CPU
		{86EC4FC7-66E5-4CD3-A2B6-3C16C4A162E0}.Release|Any CPU.ActiveCfg = Release|Any CPU
		{86EC4FC7-66E5-4CD3-A2B6-3C16C4A162E0}.Release|Any CPU.Build.0 = Release|Any CPU
		{77EE7B59-2B75-4904-8556-904244D3FE98}.Debug|Any CPU.ActiveCfg = Debug|Any CPU
		{77EE7B59-2B75-4904-8556-904244D3FE98}.Debug|Any CPU.Build.0 = Debug|Any CPU
		{77EE7B59-2B75-4904-8556-904244D3FE98}.Release|Any CPU.ActiveCfg = Release|Any CPU
		{77EE7B59-2B75-4904-8556-904244D3FE98}.Release|Any CPU.Build.0 = Release|Any CPU
	EndGlobalSection
	GlobalSection(SolutionProperties) = preSolution
		HideSolutionNode = FALSE
	EndGlobalSection
	GlobalSection(ExtensibilityGlobals) = postSolution
		SolutionGuid = {9C28AB83-9AB5-4B54-A967-6E1AB4FD53F2}
	EndGlobalSection
EndGlobal
